
Microsoft Visual Studio Solution File, Format Version 12.00
# Visual Studio Version 17
VisualStudioVersion = 17.3.32811.315
MinimumVisualStudioVersion = 10.0.40219.1
Project("{FAE04EC0-301F-11D3-BF4B-00C04F79EFBC}") = "IA", "IA\IA.csproj", "{FEC3B1B3-292B-441C-865D-F3C646D948C7}"
EndProject
Global
	GlobalSection(SolutionConfigurationPlatforms) = preSolution
		Debug|Any CPU = Debug|Any CPU
		Release|Any CPU = Release|Any CPU
	EndGlobalSection
	GlobalSection(ProjectConfigurationPlatforms) = postSolution
		{FEC3B1B3-292B-441C-865D-F3C646D948C7}.Debug|Any CPU.ActiveCfg = Debug|Any CPU
		{FEC3B1B3-292B-441C-865D-F3C646D948C7}.Debug|Any CPU.Build.0 = Debug|Any CPU
		{FEC3B1B3-292B-441C-865D-F3C646D948C7}.Release|Any CPU.ActiveCfg = Release|Any CPU
		{FEC3B1B3-292B-441C-865D-F3C646D948C7}.Release|Any CPU.Build.0 = Release|Any CPU
	EndGlobalSection
	GlobalSection(SolutionProperties) = preSolution
		HideSolutionNode = FALSE
	EndGlobalSection
	GlobalSection(ExtensibilityGlobals) = postSolution
		SolutionGuid = {EA000709-2223-4227-B231-90A432F6A3E7}
	EndGlobalSection
EndGlobal
